# Generated by Dagger. Pins the images and git refs this workspace uses.
# Any Dagger command may update this file; always commit it with your changes.
# Run `dagger lock update` to refresh the pinned versions.
[["version","2"]]
["","git-latest",["github.com/sagikazarmark/daggerverse-beta",["tagPrefix","cargo-lock"]],"refs/heads/main"]
["","git-latest",["github.com/sagikazarmark/daggerverse-beta",["tagPrefix","dagger-gha"]],"refs/heads/main"]
["","git-latest",["github.com/sagikazarmark/daggerverse-beta",["tagPrefix","dioxus"]],"refs/heads/main"]
["","git-latest",["github.com/sagikazarmark/daggerverse-beta",["tagPrefix","rust"]],"refs/heads/main"]
["","git-latest",["github.com/sagikazarmark/daggerverse-beta",["tagPrefix","wasm-tools"]],"refs/heads/main"]
["","git-latest",["github.com/sagikazarmark/daggerverse-beta",["tagPrefix","worker-build"]],"refs/heads/main"]
["","git-latest",["github.com/sagikazarmark/daggerverse-beta",["tagPrefix","wrangler"]],"refs/heads/main"]
["","git-sha",["github.com/sagikazarmark/daggerverse-beta","refs/heads/main"],"7072d60d43062a41635a4ced7ee7190dd8548539"]
["","oci-sha",["docker.io/library/node:lts"],"sha256:3d27e5c11e5786e309ec3e03f93ae536eb36e6e5eb3714d5eb3300a36157add0"]
["","oci-sha",["docker.io/library/rust:latest"],"sha256:6ff07edce8775d0f64be7aba9197229407301bddf2054d62c27b541a6238a181"]